// !$*UTF8*$!
{
	archiveVersion = 1;
	classes = {
	};
	objectVersion = 46;
	objects = {

/* Begin PBXBuildFile section */
		DC6375901E67540F00CBFAE0 /* ListDetailViewController.swift in Sources */ = {isa = PBXBuildFile; fileRef = DC63758F1E67540F00CBFAE0 /* ListDetailViewController.swift */; };
		DC8BD4A71E60B3DE002F2B79 /* AppDelegate.swift in Sources */ = {isa = PBXBuildFile; fileRef = DC8BD4A61E60B3DE002F2B79 /* AppDelegate.swift */; };
		DC8BD4A91E60B3DE002F2B79 /* ChecklistViewController.swift in Sources */ = {isa = PBXBuildFile; fileRef = DC8BD4A81E60B3DE002F2B79 /* ChecklistViewController.swift */; };
		DC8BD4AC1E60B3DE002F2B79 /* Main.storyboard in Resources */ = {isa = PBXBuildFile; fileRef = DC8BD4AA1E60B3DE002F2B79 /* Main.storyboard */; };
		DC8BD4AE1E60B3DE002F2B79 /* Assets.xcassets in Resources */ = {isa = PBXBuildFile; fileRef = DC8BD4AD1E60B3DE002F2B79 /* Assets.xcassets */; };
		DC8BD4B11E60B3DE002F2B79 /* LaunchScreen.storyboard in Resources */ = {isa = PBXBuildFile; fileRef = DC8BD4AF1E60B3DE002F2B79 /* LaunchScreen.storyboard */; };
		DC8BD4B91E60EB4D002F2B79 /* ChecklistItem.swift in Sources */ = {isa = PBXBuildFile; fileRef = DC8BD4B81E60EB4D002F2B79 /* ChecklistItem.swift */; };
		DC8BD4BB1E64B36A002F2B79 /* ItemDetailViewController.swift in Sources */ = {isa = PBXBuildFile; fileRef = DC8BD4BA1E64B36A002F2B79 /* ItemDetailViewController.swift */; };
		DC8BD4BD1E6615E1002F2B79 /* AllListsViewController.swift in Sources */ = {isa = PBXBuildFile; fileRef = DC8BD4BC1E6615E1002F2B79 /* AllListsViewController.swift */; };
		DC8BD4BF1E6732B1002F2B79 /* Checklist.swift in Sources */ = {isa = PBXBuildFile; fileRef = DC8BD4BE1E6732B1002F2B79 /* Checklist.swift */; };
/* End PBXBuildFile section */

/* Begin PBXFileReference section */
		DC63758F1E67540F00CBFAE0 /* ListDetailViewController.swift */ = {isa = PBXFileReference; fileEncoding = 4; lastKnownFileType = sourcecode.swift; path = ListDetailViewController.swift; sourceTree = "<group>"; };
		DC8BD4A31E60B3DE002F2B79 /* Checklists.app */ = {isa = PBXFileReference; explicitFileType = wrapper.application; includeInIndex = 0; path = Checklists.app; sourceTree = BUILT_PRODUCTS_DIR; };
		DC8BD4A61E60B3DE002F2B79 /* AppDelegate.swift */ = {isa = PBXFileReference; lastKnownFileType = sourcecode.swift; path = AppDelegate.swift; sourceTree = "<group>"; };
		DC8BD4A81E60B3DE002F2B79 /* ChecklistViewController.swift */ = {isa = PBXFileReference; lastKnownFileType = sourcecode.swift; lineEnding = 0; path = ChecklistViewController.swift; sourceTree = "<group>"; xcLanguageSpecificationIdentifier = xcode.lang.swift; };
		DC8BD4AB1E60B3DE002F2B79 /* Base */ = {isa = PBXFileReference; lastKnownFileType = file.storyboard; name = Base; path = Base.lproj/Main.storyboard; sourceTree = "<group>"; };
		DC8BD4AD1E60B3DE002F2B79 /* Assets.xcassets */ = {isa = PBXFileReference; lastKnownFileType = folder.assetcatalog; path = Assets.xcassets; sourceTree = "<group>"; };
		DC8BD4B01E60B3DE002F2B79 /* Base */ = {isa = PBXFileReference; lastKnownFileType = file.storyboard; name = Base; path = Base.lproj/LaunchScreen.storyboard; sourceTree = "<group>"; };
		DC8BD4B21E60B3DE002F2B79 /* Info.plist */ = {isa = PBXFileReference; lastKnownFileType = text.plist.xml; path = Info.plist; sourceTree = "<group>"; };
		DC8BD4B81E60EB4D002F2B79 /* ChecklistItem.swift */ = {isa = PBXFileReference; fileEncoding = 4; lastKnownFileType = sourcecode.swift; path = ChecklistItem.swift; sourceTree = "<group>"; };
		DC8BD4BA1E64B36A002F2B79 /* ItemDetailViewController.swift */ = {isa = PBXFileReference; fileEncoding = 4; lastKnownFileType = sourcecode.swift; lineEnding = 0; path = ItemDetailViewController.swift; sourceTree = "<group>"; xcLanguageSpecificationIdentifier = xcode.lang.swift; };
		DC8BD4BC1E6615E1002F2B79 /* AllListsViewController.swift */ = {isa = PBXFileReference; fileEncoding = 4; lastKnownFileType = sourcecode.swift; path = AllListsViewController.swift; sourceTree = "<group>"; };
		DC8BD4BE1E6732B1002F2B79 /* Checklist.swift */ = {isa = PBXFileReference; fileEncoding = 4; lastKnownFileType = sourcecode.swift; path = Checklist.swift; sourceTree = "<group>"; };
/* End PBXFileReference section */

/* Begin PBXFrameworksBuildPhase section */
		DC8BD4A01E60B3DE002F2B79 /* Frameworks */ = {
			isa = PBXFrameworksBuildPhase;
			buildActionMask = 2147483647;
			files = (
			);
			runOnlyForDeploymentPostprocessing = 0;
		};
/* End PBXFrameworksBuildPhase section */

/* Begin PBXGroup section */
		DC8BD49A1E60B3DE002F2B79 = {
			isa = PBXGroup;
			children = (
				DC8BD4A51E60B3DE002F2B79 /* Checklists */,
				DC8BD4A41E60B3DE002F2B79 /* Products */,
			);
			sourceTree = "<group>";
		};
		DC8BD4A41E60B3DE002F2B79 /* Products */ = {
			isa = PBXGroup;
			children = (
				DC8BD4A31E60B3DE002F2B79 /* Checklists.app */,
			);
			name = Products;
			sourceTree = "<group>";
		};
		DC8BD4A51E60B3DE002F2B79 /* Checklists */ = {
			isa = PBXGroup;
			children = (
				DC8BD4BA1E64B36A002F2B79 /* ItemDetailViewController.swift */,
				DC8BD4A61E60B3DE002F2B79 /* AppDelegate.swift */,
				DC8BD4A81E60B3DE002F2B79 /* ChecklistViewController.swift */,
				DC8BD4AA1E60B3DE002F2B79 /* Main.storyboard */,
				DC8BD4AD1E60B3DE002F2B79 /* Assets.xcassets */,
				DC8BD4AF1E60B3DE002F2B79 /* LaunchScreen.storyboard */,
				DC8BD4B21E60B3DE002F2B79 /* Info.plist */,
				DC8BD4B81E60EB4D002F2B79 /* ChecklistItem.swift */,
				DC8BD4BC1E6615E1002F2B79 /* AllListsViewController.swift */,
				DC8BD4BE1E6732B1002F2B79 /* Checklist.swift */,
				DC63758F1E67540F00CBFAE0 /* ListDetailViewController.swift */,
			);
			path = Checklists;
			sourceTree = "<group>";
		};
/* End PBXGroup section */

/* Begin PBXNativeTarget section */
		DC8BD4A21E60B3DE002F2B79 /* Checklists */ = {
			isa = PBXNativeTarget;
			buildConfigurationList = DC8BD4B51E60B3DE002F2B79 /* Build configuration list for PBXNativeTarget "Checklists" */;
			buildPhases = (
				DC8BD49F1E60B3DE002F2B79 /* Sources */,
				DC8BD4A01E60B3DE002F2B79 /* Frameworks */,
				DC8BD4A11E60B3DE002F2B79 /* Resources */,
			);
			buildRules = (
			);
			dependencies = (
			);
			name = Checklists;
			productName = Checklists;
			productReference = DC8BD4A31E60B3DE002F2B79 /* Checklists.app */;
			productType = "com.apple.product-type.application";
		};
/* End PBXNativeTarget section */

/* Begin PBXProject section */
		DC8BD49B1E60B3DE002F2B79 /* Project object */ = {
			isa = PBXProject;
			attributes = {
				LastSwiftUpdateCheck = 0820;
				LastUpgradeCheck = 0820;
				ORGANIZATIONNAME = "James Huang";
				TargetAttributes = {
					DC8BD4A21E60B3DE002F2B79 = {
						CreatedOnToolsVersion = 8.2.1;
						ProvisioningStyle = Automatic;
					};
				};
			};
			buildConfigurationList = DC8BD49E1E60B3DE002F2B79 /* Build configuration list for PBXProject "Checklists" */;
			compatibilityVersion = "Xcode 3.2";
			developmentRegion = English;
			hasScannedForEncodings = 0;
			knownRegions = (
				en,
				Base,
			);
			mainGroup = DC8BD49A1E60B3DE002F2B79;
			productRefGroup = DC8BD4A41E60B3DE002F2B79 /* Products */;
			projectDirPath = "";
			projectRoot = "";
			targets = (
				DC8BD4A21E60B3DE002F2B79 /* Checklists */,
			);
		};
/* End PBXProject section */

/* Begin PBXResourcesBuildPhase section */
		DC8BD4A11E60B3DE002F2B79 /* Resources */ = {
			isa = PBXResourcesBuildPhase;
			buildActionMask = 2147483647;
			files = (
				DC8BD4B11E60B3DE002F2B79 /* LaunchScreen.storyboard in Resources */,
				DC8BD4AE1E60B3DE002F2B79 /* Assets.xcassets in Resources */,
				DC8BD4AC1E60B3DE002F2B79 /* Main.storyboard in Resources */,
			);
			runOnlyForDeploymentPostprocessing = 0;
		};
/* End PBXResourcesBuildPhase section */

/* Begin PBXSourcesBuildPhase section */
		DC8BD49F1E60B3DE002F2B79 /* Sources */ = {
			isa = PBXSourcesBuildPhase;
			buildActionMask = 2147483647;
			files = (
				DC8BD4A91E60B3DE002F2B79 /* ChecklistViewController.swift in Sources */,
				DC6375901E67540F00CBFAE0 /* ListDetailViewController.swift in Sources */,
				DC8BD4BB1E64B36A002F2B79 /* ItemDetailViewController.swift in Sources */,
				DC8BD4BF1E6732B1002F2B79 /* Checklist.swift in Sources */,
				DC8BD4B91E60EB4D002F2B79 /* ChecklistItem.swift in Sources */,
				DC8BD4BD1E6615E1002F2B79 /* AllListsViewController.swift in Sources */,
				DC8BD4A71E60B3DE002F2B79 /* AppDelegate.swift in Sources */,
			);
			runOnlyForDeploymentPostprocessing = 0;
		};
/* End PBXSourcesBuildPhase section */

/* Begin PBXVariantGroup section */
		DC8BD4AA1E60B3DE002F2B79 /* Main.storyboard */ = {
			isa = PBXVariantGroup;
			children = (
				DC8BD4AB1E60B3DE002F2B79 /* Base */,
			);
			name = Main.storyboard;
			sourceTree = "<group>";
		};
		DC8BD4AF1E60B3DE002F2B79 /* LaunchScreen.storyboard */ = {
			isa = PBXVariantGroup;
			children = (
				DC8BD4B01E60B3DE002F2B79 /* Base */,
			);
			name = LaunchScreen.storyboard;
			sourceTree = "<group>";
		};
/* End PBXVariantGroup section */

/* Begin XCBuildConfiguration section */
		DC8BD4B31E60B3DE002F2B79 /* Debug */ = {
			isa = XCBuildConfiguration;
			buildSettings = {
				ALWAYS_SEARCH_USER_PATHS = NO;
				CLANG_ANALYZER_NONNULL = YES;
				CLANG_CXX_LANGUAGE_STANDARD = "gnu++0x";
				CLANG_CXX_LIBRARY = "libc++";
				CLANG_ENABLE_MODULES = YES;
				CLANG_ENABLE_OBJC_ARC = YES;
				CLANG_WARN_BOOL_CONVERSION = YES;
				CLANG_WARN_CONSTANT_CONVERSION = YES;
				CLANG_WARN_DIRECT_OBJC_ISA_USAGE = YES_ERROR;
				CLANG_WARN_DOCUMENTATION_COMMENTS = YES;
				CLANG_WARN_EMPTY_BODY = YES;
				CLANG_WARN_ENUM_CONVERSION = YES;
				CLANG_WARN_INFINITE_RECURSION = YES;
				CLANG_WARN_INT_CONVERSION = YES;
				CLANG_WARN_OBJC_ROOT_CLASS = YES_ERROR;
				CLANG_WARN_SUSPICIOUS_MOVE = YES;
				CLANG_WARN_UNREACHABLE_CODE = YES;
				CLANG_WARN__DUPLICATE_METHOD_MATCH = YES;
				"CODE_SIGN_IDENTITY[sdk=iphoneos*]" = "iPhone Developer";
				COPY_PHASE_STRIP = NO;
				DEBUG_INFORMATION_FORMAT = dwarf;
				ENABLE_STRICT_OBJC_MSGSEND = YES;
				ENABLE_TESTABILITY = YES;
				GCC_C_LANGUAGE_STANDARD = gnu99;
				GCC_DYNAMIC_NO_PIC = NO;
				GCC_NO_COMMON_BLOCKS = YES;
				GCC_OPTIMIZATION_LEVEL = 0;
				GCC_PREPROCESSOR_DEFINITIONS = (
					"DEBUG=1",
					"$(inherited)",
				);
				GCC_WARN_64_TO_32_BIT_CONVERSION = YES;
				GCC_WARN_ABOUT_RETURN_TYPE = YES_ERROR;
				GCC_WARN_UNDECLARED_SELECTOR = YES;
				GCC_WARN_UNINITIALIZED_AUTOS = YES_AGGRESSIVE;
				GCC_WARN_UNUSED_FUNCTION = YES;
				GCC_WARN_UNUSED_VARIABLE = YES;
				IPHONEOS_DEPLOYMENT_TARGET = 10.2;
				MTL_ENABLE_DEBUG_INFO = YES;
				ONLY_ACTIVE_ARCH = YES;
				SDKROOT = iphoneos;
				SWIFT_ACTIVE_COMPILATION_CONDITIONS = DEBUG;
				SWIFT_OPTIMIZATION_LEVEL = "-Onone";
			};
			name = Debug;
		};
		DC8BD4B41E60B3DE002F2B79 /* Release */ = {
			isa = XCBuildConfiguration;
			buildSettings = {
				ALWAYS_SEARCH_USER_PATHS = NO;
				CLANG_ANALYZER_NONNULL = YES;
				CLANG_CXX_LANGUAGE_STANDARD = "gnu++0x";
				CLANG_CXX_LIBRARY = "libc++";
				CLANG_ENABLE_MODULES = YES;
				CLANG_ENABLE_OBJC_ARC = YES;
				CLANG_WARN_BOOL_CONVERSION = YES;
				CLANG_WARN_CONSTANT_CONVERSION = YES;
				CLANG_WARN_DIRECT_OBJC_ISA_USAGE = YES_ERROR;
				CLANG_WARN_DOCUMENTATION_COMMENTS = YES;
				CLANG_WARN_EMPTY_BODY = YES;
				CLANG_WARN_ENUM_CONVERSION = YES;
				CLANG_WARN_INFINITE_RECURSION = YES;
				CLANG_WARN_INT_CONVERSION = YES;
				CLANG_WARN_OBJC_ROOT_CLASS = YES_ERROR;
				CLANG_WARN_SUSPICIOUS_MOVE = YES;
				CLANG_WARN_UNREACHABLE_CODE = YES;
				CLANG_WARN__DUPLICATE_METHOD_MATCH = YES;
				"CODE_SIGN_IDENTITY[sdk=iphoneos*]" = "iPhone Developer";
				COPY_PHASE_STRIP = NO;
				DEBUG_INFORMATION_FORMAT = "dwarf-with-dsym";
				ENABLE_NS_ASSERTIONS = NO;
				ENABLE_STRICT_OBJC_MSGSEND = YES;
				GCC_C_LANGUAGE_STANDARD = gnu99;
				GCC_NO_COMMON_BLOCKS = YES;
				GCC_WARN_64_TO_32_BIT_CONVERSION = YES;
				GCC_WARN_ABOUT_RETURN_TYPE = YES_ERROR;
				GCC_WARN_UNDECLARED_SELECTOR = YES;
				GCC_WARN_UNINITIALIZED_AUTOS = YES_AGGRESSIVE;
				GCC_WARN_UNUSED_FUNCTION = YES;
				GCC_WARN_UNUSED_VARIABLE = YES;
				IPHONEOS_DEPLOYMENT_TARGET = 10.2;
				MTL_ENABLE_DEBUG_INFO = NO;
				SDKROOT = iphoneos;
				SWIFT_OPTIMIZATION_LEVEL = "-Owholemodule";
				VALIDATE_PRODUCT = YES;
			};
			name = Release;
		};
		DC8BD4B61E60B3DE002F2B79 /* Debug */ = {
			isa = XCBuildConfiguration;
			buildSettings = {
				ASSETCATALOG_COMPILER_APPICON_NAME = AppIcon;
				INFOPLIST_FILE = Checklists/Info.plist;
				LD_RUNPATH_SEARCH_PATHS = "$(inherited) @executable_path/Frameworks";
				PRODUCT_BUNDLE_IDENTIFIER = com.jameshuang.Checklists;
				PRODUCT_NAME = "$(TARGET_NAME)";
				SWIFT_VERSION = 3.0;
			};
			name = Debug;
		};
		DC8BD4B71E60B3DE002F2B79 /* Release */ = {
			isa = XCBuildConfiguration;
			buildSettings = {
				ASSETCATALOG_COMPILER_APPICON_NAME = AppIcon;
				INFOPLIST_FILE = Checklists/Info.plist;
				LD_RUNPATH_SEARCH_PATHS = "$(inherited) @executable_path/Frameworks";
				PRODUCT_BUNDLE_IDENTIFIER = com.jameshuang.Checklists;
				PRODUCT_NAME = "$(TARGET_NAME)";
				SWIFT_VERSION = 3.0;
			};
			name = Release;
		};
/* End XCBuildConfiguration section */

/* Begin XCConfigurationList section */
		DC8BD49E1E60B3DE002F2B79 /* Build configuration list for PBXProject "Checklists" */ = {
			isa = XCConfigurationList;
			buildConfigurations = (
				DC8BD4B31E60B3DE002F2B79 /* Debug */,
				DC8BD4B41E60B3DE002F2B79 /* Release */,
			);
			defaultConfigurationIsVisible = 0;
			defaultConfigurationName = Release;
		};
		DC8BD4B51E60B3DE002F2B79 /* Build configuration list for PBXNativeTarget "Checklists" */ = {
			isa = XCConfigurationList;
			buildConfigurations = (
				DC8BD4B61E60B3DE002F2B79 /* Debug */,
				DC8BD4B71E60B3DE002F2B79 /* Release */,
			);
			defaultConfigurationIsVisible = 0;
			defaultConfigurationName = Release;
		};
/* End XCConfigurationList section */
	};
	rootObject = DC8BD49B1E60B3DE002F2B79 /* Project object */;
}
